<?xml version="1.0" encoding="utf-8"?>
<Project ToolsVersion="4.0" xmlns="http://schemas.microsoft.com/developer/msbuild/2003">
  <ItemGroup>
    <Filter Include="Source Files">
      <UniqueIdentifier>{4FC737F1-C7A5-4376-A066-2A32D752A2FF}</UniqueIdentifier>
      <Extensions>cpp;c;cc;cxx;def;odl;idl;hpj;bat;asm;asmx</Extensions>
    </Filter>
    <Filter Include="Header Files">
      <UniqueIdentifier>{93995380-89BD-4b04-88EB-625FBE52EBFB}</UniqueIdentifier>
      <Extensions>h;hh;hpp;hxx;hm;inl;inc;ipp;xsd</Extensions>
    </Filter>
    <Filter Include="Resource Files">
      <UniqueIdentifier>{67DA6AB6-F800-4c08-8B7A-83BB121AAD01}</UniqueIdentifier>
      <Extensions>rc;ico;cur;bmp;dlg;rc2;rct;bin;rgs;gif;jpg;jpeg;jpe;resx;tiff;tif;png;wav;mfcribbon-ms</Extensions>
    </Filter>
  </ItemGroup>
  <ItemGroup>
    <ClCompile Include="libcurl_byte_order.c">
      <Filter>Source Files</Filter>
    </ClCompile>
    <ClCompile Include="libcurl_compile.c">
      <Filter>Source Files</Filter>
    </ClCompile>
    <ClCompile Include="libcurl_config.c">
      <Filter>Source Files</Filter>
    </ClCompile>
    <ClCompile Include="libcurl_dfa_exec.c">
      <Filter>Source Files</Filter>
    </ClCompile>
    <ClCompile Include="libcurl_exec.c">
      <Filter>Source Files</Filter>
    </ClCompile>
    <ClCompile Include="libcurl_fullinfo.c">
      <Filter>Source Files</Filter>
    </ClCompile>
    <ClCompile Include="libcurl_get.c">
      <Filter>Source Files</Filter>
    </ClCompile>
    <ClCompile Include="libcurl_globals.c">
      <Filter>Source Files</Filter>
    </ClCompile>
    <ClCompile Include="libcurl_jit_compile.c">
      <Filter>Source Files</Filter>
    </ClCompile>
    <ClCompile Include="libcurl_maketables.c">
      <Filter>Source Files</Filter>
    </ClCompile>
    <ClCompile Include="libcurl_newline.c">
      <Filter>Source Files</Filter>
    </ClCompile>
    <ClCompile Include="libcurl_ord2utf8.c">
      <Filter>Source Files</Filter>
    </ClCompile>
    <ClCompile Include="libcurl_refcount.c">
      <Filter>Source Files</Filter>
    </ClCompile>
    <ClCompile Include="libcurl_string_utils.c">
      <Filter>Source Files</Filter>
    </ClCompile>
    <ClCompile Include="libcurl_study.c">
      <Filter>Source Files</Filter>
    </ClCompile>
    <ClCompile Include="libcurl_tables.c">
      <Filter>Source Files</Filter>
    </ClCompile>
    <ClCompile Include="libcurl_ucd.c">
      <Filter>Source Files</Filter>
    </ClCompile>
    <ClCompile Include="libcurl_valid_utf8.c">
      <Filter>Source Files</Filter>
    </ClCompile>
    <ClCompile Include="libcurl_version.c">
      <Filter>Source Files</Filter>
    </ClCompile>
    <ClCompile Include="libcurl_xclass.c">
      <Filter>Source Files</Filter>
    </ClCompile>
    <ClCompile Include="libcurl_chartables.c">
      <Filter>Source Files</Filter>
    </ClCompile>
  </ItemGroup>
  <ItemGroup>
    <ClInclude Include="libcurl_internal.h">
      <Filter>Header Files</Filter>
    </ClInclude>
    <ClInclude Include="ucp.h">
      <Filter>Header Files</Filter>
    </ClInclude>
  </ItemGroup>
</Project>